
Microsoft Visual Studio Solution File, Format Version 12.00
# Visual Studio Version 17
VisualStudioVersion = 17.7.34202.233
MinimumVisualStudioVersion = 10.0.40219.1
Project("{8BC9CEB8-8B4A-11D0-8D11-00A0C91BC942}") = "lab4_4", "lab4_4.vcxproj", "{BD23C630-7C74-432D-B5F1-CD93F36B0C1B}"
EndProject
Global
	GlobalSection(SolutionConfigurationPlatforms) = preSolution
		Debug|x64 = Debug|x64
		Debug|x86 = Debug|x86
		Release|x64 = Release|x64
		Release|x86 = Release|x86
	EndGlobalSection
	GlobalSection(ProjectConfigurationPlatforms) = postSolution
		{BD23C630-7C74-432D-B5F1-CD93F36B0C1B}.Debug|x64.ActiveCfg = Debug|x64
		{BD23C630-7C74-432D-B5F1-CD93F36B0C1B}.Debug|x64.Build.0 = Debug|x64
		{BD23C630-7C74-432D-B5F1-CD93F36B0C1B}.Debug|x86.ActiveCfg = Debug|Win32
		{BD23C630-7C74-432D-B5F1-CD93F36B0C1B}.Debug|x86.Build.0 = Debug|Win32
		{BD23C630-7C74-432D-B5F1-CD93F36B0C1B}.Release|x64.ActiveCfg = Release|x64
		{BD23C630-7C74-432D-B5F1-CD93F36B0C1B}.Release|x64.Build.0 = Release|x64
		{BD23C630-7C74-432D-B5F1-CD93F36B0C1B}.Release|x86.ActiveCfg = Release|Win32
		{BD23C630-7C74-432D-B5F1-CD93F36B0C1B}.Release|x86.Build.0 = Release|Win32
	EndGlobalSection
	GlobalSection(SolutionProperties) = preSolution
		HideSolutionNode = FALSE
	EndGlobalSection
	GlobalSection(ExtensibilityGlobals) = postSolution
		SolutionGuid = {2B4D13E3-03A7-43DA-B451-018B7CB9FDA5}
	EndGlobalSection
EndGlobal
