
Microsoft Visual Studio Solution File, Format Version 12.00
# Visual Studio Version 17
VisualStudioVersion = 17.7.34202.233
MinimumVisualStudioVersion = 10.0.40219.1
Project("{8BC9CEB8-8B4A-11D0-8D11-00A0C91BC942}") = "lab5_2", "lab5_2.vcxproj", "{566134DD-E869-4E33-8060-ACB7E5B11891}"
EndProject
Global
	GlobalSection(SolutionConfigurationPlatforms) = preSolution
		Debug|x64 = Debug|x64
		Debug|x86 = Debug|x86
		Release|x64 = Release|x64
		Release|x86 = Release|x86
	EndGlobalSection
	GlobalSection(ProjectConfigurationPlatforms) = postSolution
		{566134DD-E869-4E33-8060-ACB7E5B11891}.Debug|x64.ActiveCfg = Debug|x64
		{566134DD-E869-4E33-8060-ACB7E5B11891}.Debug|x64.Build.0 = Debug|x64
		{566134DD-E869-4E33-8060-ACB7E5B11891}.Debug|x86.ActiveCfg = Debug|Win32
		{566134DD-E869-4E33-8060-ACB7E5B11891}.Debug|x86.Build.0 = Debug|Win32
		{566134DD-E869-4E33-8060-ACB7E5B11891}.Release|x64.ActiveCfg = Release|x64
		{566134DD-E869-4E33-8060-ACB7E5B11891}.Release|x64.Build.0 = Release|x64
		{566134DD-E869-4E33-8060-ACB7E5B11891}.Release|x86.ActiveCfg = Release|Win32
		{566134DD-E869-4E33-8060-ACB7E5B11891}.Release|x86.Build.0 = Release|Win32
	EndGlobalSection
	GlobalSection(SolutionProperties) = preSolution
		HideSolutionNode = FALSE
	EndGlobalSection
	GlobalSection(ExtensibilityGlobals) = postSolution
		SolutionGuid = {3FC51A31-6B54-4DA5-8D2F-56F70E0EE7EB}
	EndGlobalSection
EndGlobal
